
Microsoft Visual Studio Solution File, Format Version 12.00
# Visual Studio Version 16
VisualStudioVersion = 16.0.30204.135
MinimumVisualStudioVersion = 10.0.40219.1
Project("{2150E333-8FDC-42A3-9474-1A3956D46DE8}") = "1 - Adapter", "1 - Adapter", "{8CCAB859-2C1C-498F-9508-7C9E610EC505}"
EndProject
Project("{9A19103F-16F7-4668-BE54-9A1E7A4F7556}") = "StructuralDesignPatterns.Adapter", "StructuralDesignPatterns.Adapter\StructuralDesignPatterns.Adapter.csproj", "{10B15AB8-41E8-4A66-AEEB-EABAEF1B2CEB}"
EndProject
Project("{2150E333-8FDC-42A3-9474-1A3956D46DE8}") = "2 - Bridge", "2 - Bridge", "{090B4895-9963-4AB3-BAD6-2B18776C0434}"
EndProject
Project("{FAE04EC0-301F-11D3-BF4B-00C04F79EFBC}") = "StructuralDesignPatterns.Bridge", "StructuralDesignPatterns.Bridge\StructuralDesignPatterns.Bridge.csproj", "{82B9E4FD-1519-4699-B654-9427D7382D6B}"
EndProject
Global
	GlobalSection(SolutionConfigurationPlatforms) = preSolution
		Debug|Any CPU = Debug|Any CPU
		Release|Any CPU = Release|Any CPU
	EndGlobalSection
	GlobalSection(ProjectConfigurationPlatforms) = postSolution
		{10B15AB8-41E8-4A66-AEEB-EABAEF1B2CEB}.Debug|Any CPU.ActiveCfg = Debug|Any CPU
		{10B15AB8-41E8-4A66-AEEB-EABAEF1B2CEB}.Debug|Any CPU.Build.0 = Debug|Any CPU
		{10B15AB8-41E8-4A66-AEEB-EABAEF1B2CEB}.Release|Any CPU.ActiveCfg = Release|Any CPU
		{10B15AB8-41E8-4A66-AEEB-EABAEF1B2CEB}.Release|Any CPU.Build.0 = Release|Any CPU
		{82B9E4FD-1519-4699-B654-9427D7382D6B}.Debug|Any CPU.ActiveCfg = Debug|Any CPU
		{82B9E4FD-1519-4699-B654-9427D7382D6B}.Debug|Any CPU.Build.0 = Debug|Any CPU
		{82B9E4FD-1519-4699-B654-9427D7382D6B}.Release|Any CPU.ActiveCfg = Release|Any CPU
		{82B9E4FD-1519-4699-B654-9427D7382D6B}.Release|Any CPU.Build.0 = Release|Any CPU
	EndGlobalSection
	GlobalSection(SolutionProperties) = preSolution
		HideSolutionNode = FALSE
	EndGlobalSection
	GlobalSection(NestedProjects) = preSolution
		{10B15AB8-41E8-4A66-AEEB-EABAEF1B2CEB} = {8CCAB859-2C1C-498F-9508-7C9E610EC505}
		{82B9E4FD-1519-4699-B654-9427D7382D6B} = {090B4895-9963-4AB3-BAD6-2B18776C0434}
	EndGlobalSection
	GlobalSection(ExtensibilityGlobals) = postSolution
		SolutionGuid = {19571FD1-BC70-4792-8652-87271504FF10}
	EndGlobalSection
EndGlobal
